{
  "name": "mcp-quickstart-ts",
  "version": "1.0.0",
  "lockfileVersion": 3,
  "requires": true,
  "packages": {
    "": {
      "name": "mcp-quickstart-ts",
      "version": "1.0.0",
      "license": "ISC",
      "dependencies": {
        "@modelcontextprotocol/server": "^2.0.0-beta.5",
        "zod": "^4.4.3"
      },
      "bin": {
        "weather": "build/index.js"
      },
      "devDependencies": {
        "@types/node": "^22.19.2",
        "typescript": "^5.9.3"
      }
    },
    "node_modules/@modelcontextprotocol/core": {
      "version": "2.0.0-beta.5",
      "resolved": "https://registry.npmjs.org/@modelcontextprotocol/core/-/core-2.0.0-beta.5.tgz",
      "integrity": "sha512-HKbY9XTbsDy1Y6r2I55TGE3JEapM0vg96e1MUmBIF9LGjos5gjhcIrTz1yvBPLg2aFKHjwhUAQfRdrCEnPxNew==",
      "license": "MIT",
      "dependencies": {
        "zod": "^4.2.0"
      },
      "engines": {
        "node": ">=20"
      }
    },
    "node_modules/@modelcontextprotocol/server": {
      "version": "2.0.0-beta.5",
      "resolved": "https://registry.npmjs.org/@modelcontextprotocol/server/-/server-2.0.0-beta.5.tgz",
      "integrity": "sha512-i1E5l75rQKsgY/AKAIspgMBH1vEL7dqiK7tHr0L+raYcb0SWOziqNGJXGIG6NY4AlXDWIKGJQGB7Nqfs3oUi5g==",
      "license": "MIT",
      "dependencies": {
        "@modelcontextprotocol/core": "2.0.0-beta.5",
        "zod": "^4.2.0"
      },
      "engines": {
        "node": ">=20"
      }
    },
    "node_modules/@types/node": {
      "version": "22.19.2",
      "resolved": "https://registry.npmjs.org/@types/node/-/node-22.19.2.tgz",
      "integrity": "sha512-LPM2G3Syo1GLzXLGJAKdqoU35XvrWzGJ21/7sgZTUpbkBaOasTj8tjwn6w+hCkqaa1TfJ/w67rJSwYItlJ2mYw==",
      "dev": true,
      "dependencies": {
        "undici-types": "~6.21.0"
      }
    },
    "node_modules/typescript": {
      "version": "5.9.3",
      "resolved": "https://registry.npmjs.org/typescript/-/typescript-5.9.3.tgz",
      "integrity": "sha512-jl1vZzPDinLr9eUt3J/t7V6FgNEw9QjvBPdysz9KfQDD41fQrC2Y4vKQdiaUpFT4bXlb1RHhLpp8wtm6M5TgSw==",
      "dev": true,
      "bin": {
        "tsc": "bin/tsc",
        "tsserver": "bin/tsserver"
      },
      "engines": {
        "node": ">=14.17"
      }
    },
    "node_modules/undici-types": {
      "version": "6.21.0",
      "resolved": "https://registry.npmjs.org/undici-types/-/undici-types-6.21.0.tgz",
      "integrity": "sha512-iwDZqg0QAGrg9Rav5H4n0M64c3mkR59cJ6wQp+7C4nI0gsmExaedaYLNO44eT4AtBBwjbTiGPMlt2Md0T9H9JQ==",
      "dev": true
    },
    "node_modules/zod": {
      "version": "4.4.3",
      "resolved": "https://registry.npmjs.org/zod/-/zod-4.4.3.tgz",
      "integrity": "sha512-ytENFjIJFl2UwYglde2jchW2Hwm4GJFLDiSXWdTrJQBIN9Fcyp7n4DhxJEiWNAJMV1/BqWfW/kkg71UDcHJyTQ==",
      "license": "MIT",
      "funding": {
        "url": "https://github.com/sponsors/colinhacks"
      }
    }
  }
}
